// !$*UTF8*$!
{
	archiveVersion = 1;
	classes = {
	};
	objectVersion = 51;
	objects = {

/* Begin PBXBuildFile section */
		1A6E2675230FDAFA00E16CF4 /* AppDelegate.swift in Sources */ = {isa = PBXBuildFile; fileRef = 1A6E2674230FDAFA00E16CF4 /* AppDelegate.swift */; };
		1A6E2677230FDAFA00E16CF4 /* ViewController.swift in Sources */ = {isa = PBXBuildFile; fileRef = 1A6E2676230FDAFA00E16CF4 /* ViewController.swift */; };
		1A6E267A230FDAFA00E16CF4 /* Main.storyboard in Resources */ = {isa = PBXBuildFile; fileRef = 1A6E2678230FDAFA00E16CF4 /* Main.storyboard */; };
		1A6E267C230FDAFB00E16CF4 /* Assets.xcassets in Resources */ = {isa = PBXBuildFile; fileRef = 1A6E267B230FDAFB00E16CF4 /* Assets.xcassets */; };
		1A6E267F230FDAFB00E16CF4 /* LaunchScreen.storyboard in Resources */ = {isa = PBXBuildFile; fileRef = 1A6E267D230FDAFB00E16CF4 /* LaunchScreen.storyboard */; };
		1A6E2687230FE67B00E16CF4 /* ApiManager.swift in Sources */ = {isa = PBXBuildFile; fileRef = 1A6E2686230FE67B00E16CF4 /* ApiManager.swift */; };
		1A6E268B230FEB5B00E16CF4 /* RootResponseModel.swift in Sources */ = {isa = PBXBuildFile; fileRef = 1A6E268A230FEB5B00E16CF4 /* RootResponseModel.swift */; };
		1A6E268D230FEF9200E16CF4 /* ResultResponseModel.swift in Sources */ = {isa = PBXBuildFile; fileRef = 1A6E268C230FEF9200E16CF4 /* ResultResponseModel.swift */; };
		1A6E268F230FF0D200E16CF4 /* ViewModel.swift in Sources */ = {isa = PBXBuildFile; fileRef = 1A6E268E230FF0D200E16CF4 /* ViewModel.swift */; };
		1A6E2691230FF68B00E16CF4 /* ResultTableViewCell.swift in Sources */ = {isa = PBXBuildFile; fileRef = 1A6E2690230FF68B00E16CF4 /* ResultTableViewCell.swift */; };
		1A6E2693230FF6AF00E16CF4 /* BannerTableViewCell.swift in Sources */ = {isa = PBXBuildFile; fileRef = 1A6E2692230FF6AF00E16CF4 /* BannerTableViewCell.swift */; };
		1A6E2695231061C300E16CF4 /* MenuBar.swift in Sources */ = {isa = PBXBuildFile; fileRef = 1A6E2694231061C300E16CF4 /* MenuBar.swift */; };
		1A6E26972311117900E16CF4 /* MenuCollectionViewCell.swift in Sources */ = {isa = PBXBuildFile; fileRef = 1A6E26962311117900E16CF4 /* MenuCollectionViewCell.swift */; };
		898353D9135BE5309AA01487 /* Pods_RedSoDemo.framework in Frameworks */ = {isa = PBXBuildFile; fileRef = CFBC2C26687A1B437B55DFED /* Pods_RedSoDemo.framework */; };
/* End PBXBuildFile section */

/* Begin PBXFileReference section */
		1A6E2671230FDAFA00E16CF4 /* RedSoDemo.app */ = {isa = PBXFileReference; explicitFileType = wrapper.application; includeInIndex = 0; path = RedSoDemo.app; sourceTree = BUILT_PRODUCTS_DIR; };
		1A6E2674230FDAFA00E16CF4 /* AppDelegate.swift */ = {isa = PBXFileReference; lastKnownFileType = sourcecode.swift; path = AppDelegate.swift; sourceTree = "<group>"; };
		1A6E2676230FDAFA00E16CF4 /* ViewController.swift */ = {isa = PBXFileReference; lastKnownFileType = sourcecode.swift; path = ViewController.swift; sourceTree = "<group>"; };
		1A6E2679230FDAFA00E16CF4 /* Base */ = {isa = PBXFileReference; lastKnownFileType = file.storyboard; name = Base; path = Base.lproj/Main.storyboard; sourceTree = "<group>"; };
		1A6E267B230FDAFB00E16CF4 /* Assets.xcassets */ = {isa = PBXFileReference; lastKnownFileType = folder.assetcatalog; path = Assets.xcassets; sourceTree = "<group>"; };
		1A6E267E230FDAFB00E16CF4 /* Base */ = {isa = PBXFileReference; lastKnownFileType = file.storyboard; name = Base; path = Base.lproj/LaunchScreen.storyboard; sourceTree = "<group>"; };
		1A6E2680230FDAFB00E16CF4 /* Info.plist */ = {isa = PBXFileReference; lastKnownFileType = text.plist.xml; path = Info.plist; sourceTree = "<group>"; };
		1A6E2686230FE67B00E16CF4 /* ApiManager.swift */ = {isa = PBXFileReference; lastKnownFileType = sourcecode.swift; path = ApiManager.swift; sourceTree = "<group>"; };
		1A6E268A230FEB5B00E16CF4 /* RootResponseModel.swift */ = {isa = PBXFileReference; lastKnownFileType = sourcecode.swift; path = RootResponseModel.swift; sourceTree = "<group>"; };
		1A6E268C230FEF9200E16CF4 /* ResultResponseModel.swift */ = {isa = PBXFileReference; lastKnownFileType = sourcecode.swift; path = ResultResponseModel.swift; sourceTree = "<group>"; };
		1A6E268E230FF0D200E16CF4 /* ViewModel.swift */ = {isa = PBXFileReference; lastKnownFileType = sourcecode.swift; path = ViewModel.swift; sourceTree = "<group>"; };
		1A6E2690230FF68B00E16CF4 /* ResultTableViewCell.swift */ = {isa = PBXFileReference; lastKnownFileType = sourcecode.swift; path = ResultTableViewCell.swift; sourceTree = "<group>"; };
		1A6E2692230FF6AF00E16CF4 /* BannerTableViewCell.swift */ = {isa = PBXFileReference; lastKnownFileType = sourcecode.swift; path = BannerTableViewCell.swift; sourceTree = "<group>"; };
		1A6E2694231061C300E16CF4 /* MenuBar.swift */ = {isa = PBXFileReference; lastKnownFileType = sourcecode.swift; path = MenuBar.swift; sourceTree = "<group>"; };
		1A6E26962311117900E16CF4 /* MenuCollectionViewCell.swift */ = {isa = PBXFileReference; lastKnownFileType = sourcecode.swift; path = MenuCollectionViewCell.swift; sourceTree = "<group>"; };
		9A16F30E24EF1CCC038CF096 /* Pods-RedSoDemo.debug.xcconfig */ = {isa = PBXFileReference; includeInIndex = 1; lastKnownFileType = text.xcconfig; name = "Pods-RedSoDemo.debug.xcconfig"; path = "Target Support Files/Pods-RedSoDemo/Pods-RedSoDemo.debug.xcconfig"; sourceTree = "<group>"; };
		9B7FFB9AAFC7A1B05085255F /* Pods-RedSoDemo.release.xcconfig */ = {isa = PBXFileReference; includeInIndex = 1; lastKnownFileType = text.xcconfig; name = "Pods-RedSoDemo.release.xcconfig"; path = "Target Support Files/Pods-RedSoDemo/Pods-RedSoDemo.release.xcconfig"; sourceTree = "<group>"; };
		CFBC2C26687A1B437B55DFED /* Pods_RedSoDemo.framework */ = {isa = PBXFileReference; explicitFileType = wrapper.framework; includeInIndex = 0; path = Pods_RedSoDemo.framework; sourceTree = BUILT_PRODUCTS_DIR; };
/* End PBXFileReference section */

/* Begin PBXFrameworksBuildPhase section */
		1A6E266E230FDAFA00E16CF4 /* Frameworks */ = {
			isa = PBXFrameworksBuildPhase;
			buildActionMask = 2147483647;
			files = (
				898353D9135BE5309AA01487 /* Pods_RedSoDemo.framework in Frameworks */,
			);
			runOnlyForDeploymentPostprocessing = 0;
		};
/* End PBXFrameworksBuildPhase section */

/* Begin PBXGroup section */
		1A6E2668230FDAFA00E16CF4 = {
			isa = PBXGroup;
			children = (
				1A6E2673230FDAFA00E16CF4 /* RedSoDemo */,
				1A6E2672230FDAFA00E16CF4 /* Products */,
				2FBECB65C2DA6E663732D158 /* Pods */,
				25C220C15448D8DE2097394F /* Frameworks */,
			);
			sourceTree = "<group>";
		};
		1A6E2672230FDAFA00E16CF4 /* Products */ = {
			isa = PBXGroup;
			children = (
				1A6E2671230FDAFA00E16CF4 /* RedSoDemo.app */,
			);
			name = Products;
			sourceTree = "<group>";
		};
		1A6E2673230FDAFA00E16CF4 /* RedSoDemo */ = {
			isa = PBXGroup;
			children = (
				1A6E2674230FDAFA00E16CF4 /* AppDelegate.swift */,
				1A6E2676230FDAFA00E16CF4 /* ViewController.swift */,
				1A6E2694231061C300E16CF4 /* MenuBar.swift */,
				1A6E26962311117900E16CF4 /* MenuCollectionViewCell.swift */,
				1A6E2690230FF68B00E16CF4 /* ResultTableViewCell.swift */,
				1A6E2692230FF6AF00E16CF4 /* BannerTableViewCell.swift */,
				1A6E268E230FF0D200E16CF4 /* ViewModel.swift */,
				1A6E2686230FE67B00E16CF4 /* ApiManager.swift */,
				1A6E268A230FEB5B00E16CF4 /* RootResponseModel.swift */,
				1A6E268C230FEF9200E16CF4 /* ResultResponseModel.swift */,
				1A6E2678230FDAFA00E16CF4 /* Main.storyboard */,
				1A6E267B230FDAFB00E16CF4 /* Assets.xcassets */,
				1A6E267D230FDAFB00E16CF4 /* LaunchScreen.storyboard */,
				1A6E2680230FDAFB00E16CF4 /* Info.plist */,
			);
			path = RedSoDemo;
			sourceTree = "<group>";
		};
		25C220C15448D8DE2097394F /* Frameworks */ = {
			isa = PBXGroup;
			children = (
				CFBC2C26687A1B437B55DFED /* Pods_RedSoDemo.framework */,
			);
			name = Frameworks;
			sourceTree = "<group>";
		};
		2FBECB65C2DA6E663732D158 /* Pods */ = {
			isa = PBXGroup;
			children = (
				9A16F30E24EF1CCC038CF096 /* Pods-RedSoDemo.debug.xcconfig */,
				9B7FFB9AAFC7A1B05085255F /* Pods-RedSoDemo.release.xcconfig */,
			);
			path = Pods;
			sourceTree = "<group>";
		};
/* End PBXGroup section */

/* Begin PBXNativeTarget section */
		1A6E2670230FDAFA00E16CF4 /* RedSoDemo */ = {
			isa = PBXNativeTarget;
			buildConfigurationList = 1A6E2683230FDAFB00E16CF4 /* Build configuration list for PBXNativeTarget "RedSoDemo" */;
			buildPhases = (
				91E7F39BA5F0E2B0E1F45436 /* [CP] Check Pods Manifest.lock */,
				1A6E266D230FDAFA00E16CF4 /* Sources */,
				1A6E266E230FDAFA00E16CF4 /* Frameworks */,
				1A6E266F230FDAFA00E16CF4 /* Resources */,
				16B06C3EF5B70A00905D8773 /* [CP] Embed Pods Frameworks */,
			);
			buildRules = (
			);
			dependencies = (
			);
			name = RedSoDemo;
			productName = RedSoDemo;
			productReference = 1A6E2671230FDAFA00E16CF4 /* RedSoDemo.app */;
			productType = "com.apple.product-type.application";
		};
/* End PBXNativeTarget section */

/* Begin PBXProject section */
		1A6E2669230FDAFA00E16CF4 /* Project object */ = {
			isa = PBXProject;
			attributes = {
				LastSwiftUpdateCheck = 1030;
				LastUpgradeCheck = 1030;
				ORGANIZATIONNAME = "Hong James";
				TargetAttributes = {
					1A6E2670230FDAFA00E16CF4 = {
						CreatedOnToolsVersion = 10.3;
					};
				};
			};
			buildConfigurationList = 1A6E266C230FDAFA00E16CF4 /* Build configuration list for PBXProject "RedSoDemo" */;
			compatibilityVersion = "Xcode 9.3";
			developmentRegion = en;
			hasScannedForEncodings = 0;
			knownRegions = (
				en,
				Base,
			);
			mainGroup = 1A6E2668230FDAFA00E16CF4;
			productRefGroup = 1A6E2672230FDAFA00E16CF4 /* Products */;
			projectDirPath = "";
			projectRoot = "";
			targets = (
				1A6E2670230FDAFA00E16CF4 /* RedSoDemo */,
			);
		};
/* End PBXProject section */

/* Begin PBXResourcesBuildPhase section */
		1A6E266F230FDAFA00E16CF4 /* Resources */ = {
			isa = PBXResourcesBuildPhase;
			buildActionMask = 2147483647;
			files = (
				1A6E267F230FDAFB00E16CF4 /* LaunchScreen.storyboard in Resources */,
				1A6E267C230FDAFB00E16CF4 /* Assets.xcassets in Resources */,
				1A6E267A230FDAFA00E16CF4 /* Main.storyboard in Resources */,
			);
			runOnlyForDeploymentPostprocessing = 0;
		};
/* End PBXResourcesBuildPhase section */

/* Begin PBXShellScriptBuildPhase section */
		16B06C3EF5B70A00905D8773 /* [CP] Embed Pods Frameworks */ = {
			isa = PBXShellScriptBuildPhase;
			buildActionMask = 2147483647;
			files = (
			);
			inputFileListPaths = (
				"${PODS_ROOT}/Target Support Files/Pods-RedSoDemo/Pods-RedSoDemo-frameworks-${CONFIGURATION}-input-files.xcfilelist",
			);
			name = "[CP] Embed Pods Frameworks";
			outputFileListPaths = (
				"${PODS_ROOT}/Target Support Files/Pods-RedSoDemo/Pods-RedSoDemo-frameworks-${CONFIGURATION}-output-files.xcfilelist",
			);
			runOnlyForDeploymentPostprocessing = 0;
			shellPath = /bin/sh;
			shellScript = "\"${PODS_ROOT}/Target Support Files/Pods-RedSoDemo/Pods-RedSoDemo-frameworks.sh\"\n";
			showEnvVarsInLog = 0;
		};
		91E7F39BA5F0E2B0E1F45436 /* [CP] Check Pods Manifest.lock */ = {
			isa = PBXShellScriptBuildPhase;
			buildActionMask = 2147483647;
			files = (
			);
			inputFileListPaths = (
			);
			inputPaths = (
				"${PODS_PODFILE_DIR_PATH}/Podfile.lock",
				"${PODS_ROOT}/Manifest.lock",
			);
			name = "[CP] Check Pods Manifest.lock";
			outputFileListPaths = (
			);
			outputPaths = (
				"$(DERIVED_FILE_DIR)/Pods-RedSoDemo-checkManifestLockResult.txt",
			);
			runOnlyForDeploymentPostprocessing = 0;
			shellPath = /bin/sh;
			shellScript = "diff \"${PODS_PODFILE_DIR_PATH}/Podfile.lock\" \"${PODS_ROOT}/Manifest.lock\" > /dev/null\nif [ $? != 0 ] ; then\n    # print error to STDERR\n    echo \"error: The sandbox is not in sync with the Podfile.lock. Run 'pod install' or update your CocoaPods installation.\" >&2\n    exit 1\nfi\n# This output is used by Xcode 'outputs' to avoid re-running this script phase.\necho \"SUCCESS\" > \"${SCRIPT_OUTPUT_FILE_0}\"\n";
			showEnvVarsInLog = 0;
		};
/* End PBXShellScriptBuildPhase section */

/* Begin PBXSourcesBuildPhase section */
		1A6E266D230FDAFA00E16CF4 /* Sources */ = {
			isa = PBXSourcesBuildPhase;
			buildActionMask = 2147483647;
			files = (
				1A6E2677230FDAFA00E16CF4 /* ViewController.swift in Sources */,
				1A6E2687230FE67B00E16CF4 /* ApiManager.swift in Sources */,
				1A6E2691230FF68B00E16CF4 /* ResultTableViewCell.swift in Sources */,
				1A6E268D230FEF9200E16CF4 /* ResultResponseModel.swift in Sources */,
				1A6E268B230FEB5B00E16CF4 /* RootResponseModel.swift in Sources */,
				1A6E2695231061C300E16CF4 /* MenuBar.swift in Sources */,
				1A6E2693230FF6AF00E16CF4 /* BannerTableViewCell.swift in Sources */,
				1A6E268F230FF0D200E16CF4 /* ViewModel.swift in Sources */,
				1A6E2675230FDAFA00E16CF4 /* AppDelegate.swift in Sources */,
				1A6E26972311117900E16CF4 /* MenuCollectionViewCell.swift in Sources */,
			);
			runOnlyForDeploymentPostprocessing = 0;
		};
/* End PBXSourcesBuildPhase section */

/* Begin PBXVariantGroup section */
		1A6E2678230FDAFA00E16CF4 /* Main.storyboard */ = {
			isa = PBXVariantGroup;
			children = (
				1A6E2679230FDAFA00E16CF4 /* Base */,
			);
			name = Main.storyboard;
			sourceTree = "<group>";
		};
		1A6E267D230FDAFB00E16CF4 /* LaunchScreen.storyboard */ = {
			isa = PBXVariantGroup;
			children = (
				1A6E267E230FDAFB00E16CF4 /* Base */,
			);
			name = LaunchScreen.storyboard;
			sourceTree = "<group>";
		};
/* End PBXVariantGroup section */

/* Begin XCBuildConfiguration section */
		1A6E2681230FDAFB00E16CF4 /* Debug */ = {
			isa = XCBuildConfiguration;
			buildSettings = {
				ALWAYS_SEARCH_USER_PATHS = NO;
				CLANG_ANALYZER_NONNULL = YES;
				CLANG_ANALYZER_NUMBER_OBJECT_CONVERSION = YES_AGGRESSIVE;
				CLANG_CXX_LANGUAGE_STANDARD = "gnu++14";
				CLANG_CXX_LIBRARY = "libc++";
				CLANG_ENABLE_MODULES = YES;
				CLANG_ENABLE_OBJC_ARC = YES;
				CLANG_ENABLE_OBJC_WEAK = YES;
				CLANG_WARN_BLOCK_CAPTURE_AUTORELEASING = YES;
				CLANG_WARN_BOOL_CONVERSION = YES;
				CLANG_WARN_COMMA = YES;
				CLANG_WARN_CONSTANT_CONVERSION = YES;
				CLANG_WARN_DEPRECATED_OBJC_IMPLEMENTATIONS = YES;
				CLANG_WARN_DIRECT_OBJC_ISA_USAGE = YES_ERROR;
				CLANG_WARN_DOCUMENTATION_COMMENTS = YES;
				CLANG_WARN_EMPTY_BODY = YES;
				CLANG_WARN_ENUM_CONVERSION = YES;
				CLANG_WARN_INFINITE_RECURSION = YES;
				CLANG_WARN_INT_CONVERSION = YES;
				CLANG_WARN_NON_LITERAL_NULL_CONVERSION = YES;
				CLANG_WARN_OBJC_IMPLICIT_RETAIN_SELF = YES;
				CLANG_WARN_OBJC_LITERAL_CONVERSION = YES;
				CLANG_WARN_OBJC_ROOT_CLASS = YES_ERROR;
				CLANG_WARN_RANGE_LOOP_ANALYSIS = YES;
				CLANG_WARN_STRICT_PROTOTYPES = YES;
				CLANG_WARN_SUSPICIOUS_MOVE = YES;
				CLANG_WARN_UNGUARDED_AVAILABILITY = YES_AGGRESSIVE;
				CLANG_WARN_UNREACHABLE_CODE = YES;
				CLANG_WARN__DUPLICATE_METHOD_MATCH = YES;
				CODE_SIGN_IDENTITY = "iPhone Developer";
				COPY_PHASE_STRIP = NO;
				DEBUG_INFORMATION_FORMAT = dwarf;
				ENABLE_STRICT_OBJC_MSGSEND = YES;
				ENABLE_TESTABILITY = YES;
				GCC_C_LANGUAGE_STANDARD = gnu11;
				GCC_DYNAMIC_NO_PIC = NO;
				GCC_NO_COMMON_BLOCKS = YES;
				GCC_OPTIMIZATION_LEVEL = 0;
				GCC_PREPROCESSOR_DEFINITIONS = (
					"DEBUG=1",
					"$(inherited)",
				);
				GCC_WARN_64_TO_32_BIT_CONVERSION = YES;
				GCC_WARN_ABOUT_RETURN_TYPE = YES_ERROR;
				GCC_WARN_UNDECLARED_SELECTOR = YES;
				GCC_WARN_UNINITIALIZED_AUTOS = YES_AGGRESSIVE;
				GCC_WARN_UNUSED_FUNCTION = YES;
				GCC_WARN_UNUSED_VARIABLE = YES;
				IPHONEOS_DEPLOYMENT_TARGET = 12.4;
				MTL_ENABLE_DEBUG_INFO = INCLUDE_SOURCE;
				MTL_FAST_MATH = YES;
				ONLY_ACTIVE_ARCH = YES;
				SDKROOT = iphoneos;
				SWIFT_ACTIVE_COMPILATION_CONDITIONS = DEBUG;
				SWIFT_OPTIMIZATION_LEVEL = "-Onone";
			};
			name = Debug;
		};
		1A6E2682230FDAFB00E16CF4 /* Release */ = {
			isa = XCBuildConfiguration;
			buildSettings = {
				ALWAYS_SEARCH_USER_PATHS = NO;
				CLANG_ANALYZER_NONNULL = YES;
				CLANG_ANALYZER_NUMBER_OBJECT_CONVERSION = YES_AGGRESSIVE;
				CLANG_CXX_LANGUAGE_STANDARD = "gnu++14";
				CLANG_CXX_LIBRARY = "libc++";
				CLANG_ENABLE_MODULES = YES;
				CLANG_ENABLE_OBJC_ARC = YES;
				CLANG_ENABLE_OBJC_WEAK = YES;
				CLANG_WARN_BLOCK_CAPTURE_AUTORELEASING = YES;
				CLANG_WARN_BOOL_CONVERSION = YES;
				CLANG_WARN_COMMA = YES;
				CLANG_WARN_CONSTANT_CONVERSION = YES;
				CLANG_WARN_DEPRECATED_OBJC_IMPLEMENTATIONS = YES;
				CLANG_WARN_DIRECT_OBJC_ISA_USAGE = YES_ERROR;
				CLANG_WARN_DOCUMENTATION_COMMENTS = YES;
				CLANG_WARN_EMPTY_BODY = YES;
				CLANG_WARN_ENUM_CONVERSION = YES;
				CLANG_WARN_INFINITE_RECURSION = YES;
				CLANG_WARN_INT_CONVERSION = YES;
				CLANG_WARN_NON_LITERAL_NULL_CONVERSION = YES;
				CLANG_WARN_OBJC_IMPLICIT_RETAIN_SELF = YES;
				CLANG_WARN_OBJC_LITERAL_CONVERSION = YES;
				CLANG_WARN_OBJC_ROOT_CLASS = YES_ERROR;
				CLANG_WARN_RANGE_LOOP_ANALYSIS = YES;
				CLANG_WARN_STRICT_PROTOTYPES = YES;
				CLANG_WARN_SUSPICIOUS_MOVE = YES;
				CLANG_WARN_UNGUARDED_AVAILABILITY = YES_AGGRESSIVE;
				CLANG_WARN_UNREACHABLE_CODE = YES;
				CLANG_WARN__DUPLICATE_METHOD_MATCH = YES;
				CODE_SIGN_IDENTITY = "iPhone Developer";
				COPY_PHASE_STRIP = NO;
				DEBUG_INFORMATION_FORMAT = "dwarf-with-dsym";
				ENABLE_NS_ASSERTIONS = NO;
				ENABLE_STRICT_OBJC_MSGSEND = YES;
				GCC_C_LANGUAGE_STANDARD = gnu11;
				GCC_NO_COMMON_BLOCKS = YES;
				GCC_WARN_64_TO_32_BIT_CONVERSION = YES;
				GCC_WARN_ABOUT_RETURN_TYPE = YES_ERROR;
				GCC_WARN_UNDECLARED_SELECTOR = YES;
				GCC_WARN_UNINITIALIZED_AUTOS = YES_AGGRESSIVE;
				GCC_WARN_UNUSED_FUNCTION = YES;
				GCC_WARN_UNUSED_VARIABLE = YES;
				IPHONEOS_DEPLOYMENT_TARGET = 12.4;
				MTL_ENABLE_DEBUG_INFO = NO;
				MTL_FAST_MATH = YES;
				SDKROOT = iphoneos;
				SWIFT_COMPILATION_MODE = wholemodule;
				SWIFT_OPTIMIZATION_LEVEL = "-O";
				VALIDATE_PRODUCT = YES;
			};
			name = Release;
		};
		1A6E2684230FDAFB00E16CF4 /* Debug */ = {
			isa = XCBuildConfiguration;
			baseConfigurationReference = 9A16F30E24EF1CCC038CF096 /* Pods-RedSoDemo.debug.xcconfig */;
			buildSettings = {
				ASSETCATALOG_COMPILER_APPICON_NAME = AppIcon;
				CODE_SIGN_STYLE = Automatic;
				DEVELOPMENT_TEAM = NPWFS73Q92;
				INFOPLIST_FILE = RedSoDemo/Info.plist;
				IPHONEOS_DEPLOYMENT_TARGET = 11.0;
				LD_RUNPATH_SEARCH_PATHS = (
					"$(inherited)",
					"@executable_path/Frameworks",
				);
				PRODUCT_BUNDLE_IDENTIFIER = com.james.RedSoDemo;
				PRODUCT_NAME = "$(TARGET_NAME)";
				SWIFT_VERSION = 4.2;
				TARGETED_DEVICE_FAMILY = "1,2";
			};
			name = Debug;
		};
		1A6E2685230FDAFB00E16CF4 /* Release */ = {
			isa = XCBuildConfiguration;
			baseConfigurationReference = 9B7FFB9AAFC7A1B05085255F /* Pods-RedSoDemo.release.xcconfig */;
			buildSettings = {
				ASSETCATALOG_COMPILER_APPICON_NAME = AppIcon;
				CODE_SIGN_STYLE = Automatic;
				DEVELOPMENT_TEAM = NPWFS73Q92;
				INFOPLIST_FILE = RedSoDemo/Info.plist;
				IPHONEOS_DEPLOYMENT_TARGET = 11.0;
				LD_RUNPATH_SEARCH_PATHS = (
					"$(inherited)",
					"@executable_path/Frameworks",
				);
				PRODUCT_BUNDLE_IDENTIFIER = com.james.RedSoDemo;
				PRODUCT_NAME = "$(TARGET_NAME)";
				SWIFT_VERSION = 4.2;
				TARGETED_DEVICE_FAMILY = "1,2";
			};
			name = Release;
		};
/* End XCBuildConfiguration section */

/* Begin XCConfigurationList section */
		1A6E266C230FDAFA00E16CF4 /* Build configuration list for PBXProject "RedSoDemo" */ = {
			isa = XCConfigurationList;
			buildConfigurations = (
				1A6E2681230FDAFB00E16CF4 /* Debug */,
				1A6E2682230FDAFB00E16CF4 /* Release */,
			);
			defaultConfigurationIsVisible = 0;
			defaultConfigurationName = Release;
		};
		1A6E2683230FDAFB00E16CF4 /* Build configuration list for PBXNativeTarget "RedSoDemo" */ = {
			isa = XCConfigurationList;
			buildConfigurations = (
				1A6E2684230FDAFB00E16CF4 /* Debug */,
				1A6E2685230FDAFB00E16CF4 /* Release */,
			);
			defaultConfigurationIsVisible = 0;
			defaultConfigurationName = Release;
		};
/* End XCConfigurationList section */
	};
	rootObject = 1A6E2669230FDAFA00E16CF4 /* Project object */;
}
